
Microsoft Visual Studio Solution File, Format Version 12.00
Project("{FAE04EC0-301F-11D3-BF4B-00C04F79EFBC}") = "Day-1-Student-Class-Example", "Day-1-Student-Class-Example\Day-1-Student-Class-Example.csproj", "{BE71F2A9-A19F-4DB2-B84D-A387DA20B94A}"
EndProject
Global
	GlobalSection(SolutionConfigurationPlatforms) = preSolution
		Debug|Any CPU = Debug|Any CPU
		Release|Any CPU = Release|Any CPU
	EndGlobalSection
	GlobalSection(ProjectConfigurationPlatforms) = postSolution
		{BE71F2A9-A19F-4DB2-B84D-A387DA20B94A}.Debug|Any CPU.ActiveCfg = Debug|Any CPU
		{BE71F2A9-A19F-4DB2-B84D-A387DA20B94A}.Debug|Any CPU.Build.0 = Debug|Any CPU
		{BE71F2A9-A19F-4DB2-B84D-A387DA20B94A}.Release|Any CPU.ActiveCfg = Release|Any CPU
		{BE71F2A9-A19F-4DB2-B84D-A387DA20B94A}.Release|Any CPU.Build.0 = Release|Any CPU
	EndGlobalSection
EndGlobal
