
Microsoft Visual Studio Solution File, Format Version 12.00
Project("{FAE04EC0-301F-11D3-BF4B-00C04F79EFBC}") = "StringExamples", "StringExamples\StringExamples.csproj", "{5AD44F78-1893-4A23-B97C-D196C6D1F355}"
EndProject
Global
	GlobalSection(SolutionConfigurationPlatforms) = preSolution
		Debug|Any CPU = Debug|Any CPU
		Release|Any CPU = Release|Any CPU
	EndGlobalSection
	GlobalSection(ProjectConfigurationPlatforms) = postSolution
		{5AD44F78-1893-4A23-B97C-D196C6D1F355}.Debug|Any CPU.ActiveCfg = Debug|Any CPU
		{5AD44F78-1893-4A23-B97C-D196C6D1F355}.Debug|Any CPU.Build.0 = Debug|Any CPU
		{5AD44F78-1893-4A23-B97C-D196C6D1F355}.Release|Any CPU.ActiveCfg = Release|Any CPU
		{5AD44F78-1893-4A23-B97C-D196C6D1F355}.Release|Any CPU.Build.0 = Release|Any CPU
	EndGlobalSection
EndGlobal
